// !$*UTF8*$!
{
	archiveVersion = 1;
	classes = {
	};
	objectVersion = 50;
	objects = {

/* Begin PBXBuildFile section */
		6D888FBA26C9AC9A00FF982E /* AppDelegate.swift in Sources */ = {isa = PBXBuildFile; fileRef = 6D888FB926C9AC9A00FF982E /* AppDelegate.swift */; };
		6D888FBC26C9AC9A00FF982E /* SceneDelegate.swift in Sources */ = {isa = PBXBuildFile; fileRef = 6D888FBB26C9AC9A00FF982E /* SceneDelegate.swift */; };
		6D888FBE26C9AC9A00FF982E /* HomeScreenViewController.swift in Sources */ = {isa = PBXBuildFile; fileRef = 6D888FBD26C9AC9A00FF982E /* HomeScreenViewController.swift */; };
		6D888FC326C9AC9B00FF982E /* Assets.xcassets in Resources */ = {isa = PBXBuildFile; fileRef = 6D888FC226C9AC9B00FF982E /* Assets.xcassets */; };
		6D888FC626C9AC9B00FF982E /* LaunchScreen.storyboard in Resources */ = {isa = PBXBuildFile; fileRef = 6D888FC426C9AC9B00FF982E /* LaunchScreen.storyboard */; };
		6D888FD126C9AEE500FF982E /* HomeScreen.storyboard in Resources */ = {isa = PBXBuildFile; fileRef = 6D888FD026C9AEE500FF982E /* HomeScreen.storyboard */; };
		6DB2194826C9C229005105D4 /* GoogleService-Info.plist in Resources */ = {isa = PBXBuildFile; fileRef = 6DB2194726C9C229005105D4 /* GoogleService-Info.plist */; };
/* End PBXBuildFile section */

/* Begin PBXFileReference section */
		6D888FB626C9AC9A00FF982E /* FirebasePrototype.app */ = {isa = PBXFileReference; explicitFileType = wrapper.application; includeInIndex = 0; path = FirebasePrototype.app; sourceTree = BUILT_PRODUCTS_DIR; };
		6D888FB926C9AC9A00FF982E /* AppDelegate.swift */ = {isa = PBXFileReference; lastKnownFileType = sourcecode.swift; path = AppDelegate.swift; sourceTree = "<group>"; };
		6D888FBB26C9AC9A00FF982E /* SceneDelegate.swift */ = {isa = PBXFileReference; lastKnownFileType = sourcecode.swift; path = SceneDelegate.swift; sourceTree = "<group>"; };
		6D888FBD26C9AC9A00FF982E /* HomeScreenViewController.swift */ = {isa = PBXFileReference; lastKnownFileType = sourcecode.swift; path = HomeScreenViewController.swift; sourceTree = "<group>"; };
		6D888FC226C9AC9B00FF982E /* Assets.xcassets */ = {isa = PBXFileReference; lastKnownFileType = folder.assetcatalog; path = Assets.xcassets; sourceTree = "<group>"; };
		6D888FC526C9AC9B00FF982E /* Base */ = {isa = PBXFileReference; lastKnownFileType = file.storyboard; name = Base; path = Base.lproj/LaunchScreen.storyboard; sourceTree = "<group>"; };
		6D888FC726C9AC9B00FF982E /* Info.plist */ = {isa = PBXFileReference; lastKnownFileType = text.plist.xml; path = Info.plist; sourceTree = "<group>"; };
		6D888FD026C9AEE500FF982E /* HomeScreen.storyboard */ = {isa = PBXFileReference; lastKnownFileType = file.storyboard; path = HomeScreen.storyboard; sourceTree = "<group>"; };
		6DB2194726C9C229005105D4 /* GoogleService-Info.plist */ = {isa = PBXFileReference; fileEncoding = 4; lastKnownFileType = text.plist.xml; path = "GoogleService-Info.plist"; sourceTree = "<group>"; };
/* End PBXFileReference section */

/* Begin PBXFrameworksBuildPhase section */
		6D888FB326C9AC9A00FF982E /* Frameworks */ = {
			isa = PBXFrameworksBuildPhase;
			buildActionMask = 2147483647;
			files = (
			);
			runOnlyForDeploymentPostprocessing = 0;
		};
/* End PBXFrameworksBuildPhase section */

/* Begin PBXGroup section */
		6D888FAD26C9AC9A00FF982E = {
			isa = PBXGroup;
			children = (
				6D888FB826C9AC9A00FF982E /* FirebasePrototype */,
				6D888FB726C9AC9A00FF982E /* Products */,
			);
			sourceTree = "<group>";
		};
		6D888FB726C9AC9A00FF982E /* Products */ = {
			isa = PBXGroup;
			children = (
				6D888FB626C9AC9A00FF982E /* FirebasePrototype.app */,
			);
			name = Products;
			sourceTree = "<group>";
		};
		6D888FB826C9AC9A00FF982E /* FirebasePrototype */ = {
			isa = PBXGroup;
			children = (
				6D888FCD26C9ADEC00FF982E /* Home Screen */,
				6D888FCE26C9AE1D00FF982E /* LaunchScreen */,
				6D888FCF26C9AE4800FF982E /* Supporting Files */,
				6D888FC726C9AC9B00FF982E /* Info.plist */,
				6DB2194726C9C229005105D4 /* GoogleService-Info.plist */,
			);
			path = FirebasePrototype;
			sourceTree = "<group>";
		};
		6D888FCD26C9ADEC00FF982E /* Home Screen */ = {
			isa = PBXGroup;
			children = (
				6D888FD026C9AEE500FF982E /* HomeScreen.storyboard */,
				6D888FBD26C9AC9A00FF982E /* HomeScreenViewController.swift */,
			);
			path = "Home Screen";
			sourceTree = "<group>";
		};
		6D888FCE26C9AE1D00FF982E /* LaunchScreen */ = {
			isa = PBXGroup;
			children = (
				6D888FC426C9AC9B00FF982E /* LaunchScreen.storyboard */,
			);
			path = LaunchScreen;
			sourceTree = "<group>";
		};
		6D888FCF26C9AE4800FF982E /* Supporting Files */ = {
			isa = PBXGroup;
			children = (
				6D888FBB26C9AC9A00FF982E /* SceneDelegate.swift */,
				6D888FB926C9AC9A00FF982E /* AppDelegate.swift */,
				6D888FC226C9AC9B00FF982E /* Assets.xcassets */,
			);
			path = "Supporting Files";
			sourceTree = "<group>";
		};
/* End PBXGroup section */

/* Begin PBXNativeTarget section */
		6D888FB526C9AC9A00FF982E /* FirebasePrototype */ = {
			isa = PBXNativeTarget;
			buildConfigurationList = 6D888FCA26C9AC9B00FF982E /* Build configuration list for PBXNativeTarget "FirebasePrototype" */;
			buildPhases = (
				6D888FB226C9AC9A00FF982E /* Sources */,
				6D888FB326C9AC9A00FF982E /* Frameworks */,
				6D888FB426C9AC9A00FF982E /* Resources */,
			);
			buildRules = (
			);
			dependencies = (
			);
			name = FirebasePrototype;
			productName = FirebasePrototype;
			productReference = 6D888FB626C9AC9A00FF982E /* FirebasePrototype.app */;
			productType = "com.apple.product-type.application";
		};
/* End PBXNativeTarget section */

/* Begin PBXProject section */
		6D888FAE26C9AC9A00FF982E /* Project object */ = {
			isa = PBXProject;
			attributes = {
				LastSwiftUpdateCheck = 1250;
				LastUpgradeCheck = 1250;
				TargetAttributes = {
					6D888FB526C9AC9A00FF982E = {
						CreatedOnToolsVersion = 12.5.1;
					};
				};
			};
			buildConfigurationList = 6D888FB126C9AC9A00FF982E /* Build configuration list for PBXProject "FirebasePrototype" */;
			compatibilityVersion = "Xcode 9.3";
			developmentRegion = en;
			hasScannedForEncodings = 0;
			knownRegions = (
				en,
				Base,
			);
			mainGroup = 6D888FAD26C9AC9A00FF982E;
			productRefGroup = 6D888FB726C9AC9A00FF982E /* Products */;
			projectDirPath = "";
			projectRoot = "";
			targets = (
				6D888FB526C9AC9A00FF982E /* FirebasePrototype */,
			);
		};
/* End PBXProject section */

/* Begin PBXResourcesBuildPhase section */
		6D888FB426C9AC9A00FF982E /* Resources */ = {
			isa = PBXResourcesBuildPhase;
			buildActionMask = 2147483647;
			files = (
				6D888FC626C9AC9B00FF982E /* LaunchScreen.storyboard in Resources */,
				6DB2194826C9C229005105D4 /* GoogleService-Info.plist in Resources */,
				6D888FD126C9AEE500FF982E /* HomeScreen.storyboard in Resources */,
				6D888FC326C9AC9B00FF982E /* Assets.xcassets in Resources */,
			);
			runOnlyForDeploymentPostprocessing = 0;
		};
/* End PBXResourcesBuildPhase section */

/* Begin PBXSourcesBuildPhase section */
		6D888FB226C9AC9A00FF982E /* Sources */ = {
			isa = PBXSourcesBuildPhase;
			buildActionMask = 2147483647;
			files = (
				6D888FBE26C9AC9A00FF982E /* HomeScreenViewController.swift in Sources */,
				6D888FBA26C9AC9A00FF982E /* AppDelegate.swift in Sources */,
				6D888FBC26C9AC9A00FF982E /* SceneDelegate.swift in Sources */,
			);
			runOnlyForDeploymentPostprocessing = 0;
		};
/* End PBXSourcesBuildPhase section */

/* Begin PBXVariantGroup section */
		6D888FC426C9AC9B00FF982E /* LaunchScreen.storyboard */ = {
			isa = PBXVariantGroup;
			children = (
				6D888FC526C9AC9B00FF982E /* Base */,
			);
			name = LaunchScreen.storyboard;
			sourceTree = "<group>";
		};
/* End PBXVariantGroup section */

/* Begin XCBuildConfiguration section */
		6D888FC826C9AC9B00FF982E /* Debug */ = {
			isa = XCBuildConfiguration;
			buildSettings = {
				ALWAYS_SEARCH_USER_PATHS = NO;
				CLANG_ANALYZER_NONNULL = YES;
				CLANG_ANALYZER_NUMBER_OBJECT_CONVERSION = YES_AGGRESSIVE;
				CLANG_CXX_LANGUAGE_STANDARD = "gnu++14";
				CLANG_CXX_LIBRARY = "libc++";
				CLANG_ENABLE_MODULES = YES;
				CLANG_ENABLE_OBJC_ARC = YES;
				CLANG_ENABLE_OBJC_WEAK = YES;
				CLANG_WARN_BLOCK_CAPTURE_AUTORELEASING = YES;
				CLANG_WARN_BOOL_CONVERSION = YES;
				CLANG_WARN_COMMA = YES;
				CLANG_WARN_CONSTANT_CONVERSION = YES;
				CLANG_WARN_DEPRECATED_OBJC_IMPLEMENTATIONS = YES;
				CLANG_WARN_DIRECT_OBJC_ISA_USAGE = YES_ERROR;
				CLANG_WARN_DOCUMENTATION_COMMENTS = YES;
				CLANG_WARN_EMPTY_BODY = YES;
				CLANG_WARN_ENUM_CONVERSION = YES;
				CLANG_WARN_INFINITE_RECURSION = YES;
				CLANG_WARN_INT_CONVERSION = YES;
				CLANG_WARN_NON_LITERAL_NULL_CONVERSION = YES;
				CLANG_WARN_OBJC_IMPLICIT_RETAIN_SELF = YES;
				CLANG_WARN_OBJC_LITERAL_CONVERSION = YES;
				CLANG_WARN_OBJC_ROOT_CLASS = YES_ERROR;
				CLANG_WARN_QUOTED_INCLUDE_IN_FRAMEWORK_HEADER = YES;
				CLANG_WARN_RANGE_LOOP_ANALYSIS = YES;
				CLANG_WARN_STRICT_PROTOTYPES = YES;
				CLANG_WARN_SUSPICIOUS_MOVE = YES;
				CLANG_WARN_UNGUARDED_AVAILABILITY = YES_AGGRESSIVE;
				CLANG_WARN_UNREACHABLE_CODE = YES;
				CLANG_WARN__DUPLICATE_METHOD_MATCH = YES;
				COPY_PHASE_STRIP = NO;
				DEBUG_INFORMATION_FORMAT = dwarf;
				ENABLE_STRICT_OBJC_MSGSEND = YES;
				ENABLE_TESTABILITY = YES;
				GCC_C_LANGUAGE_STANDARD = gnu11;
				GCC_DYNAMIC_NO_PIC = NO;
				GCC_NO_COMMON_BLOCKS = YES;
				GCC_OPTIMIZATION_LEVEL = 0;
				GCC_PREPROCESSOR_DEFINITIONS = (
					"DEBUG=1",
					"$(inherited)",
				);
				GCC_WARN_64_TO_32_BIT_CONVERSION = YES;
				GCC_WARN_ABOUT_RETURN_TYPE = YES_ERROR;
				GCC_WARN_UNDECLARED_SELECTOR = YES;
				GCC_WARN_UNINITIALIZED_AUTOS = YES_AGGRESSIVE;
				GCC_WARN_UNUSED_FUNCTION = YES;
				GCC_WARN_UNUSED_VARIABLE = YES;
				IPHONEOS_DEPLOYMENT_TARGET = 14.5;
				MTL_ENABLE_DEBUG_INFO = INCLUDE_SOURCE;
				MTL_FAST_MATH = YES;
				ONLY_ACTIVE_ARCH = YES;
				SDKROOT = iphoneos;
				SWIFT_ACTIVE_COMPILATION_CONDITIONS = DEBUG;
				SWIFT_OPTIMIZATION_LEVEL = "-Onone";
			};
			name = Debug;
		};
		6D888FC926C9AC9B00FF982E /* Release */ = {
			isa = XCBuildConfiguration;
			buildSettings = {
				ALWAYS_SEARCH_USER_PATHS = NO;
				CLANG_ANALYZER_NONNULL = YES;
				CLANG_ANALYZER_NUMBER_OBJECT_CONVERSION = YES_AGGRESSIVE;
				CLANG_CXX_LANGUAGE_STANDARD = "gnu++14";
				CLANG_CXX_LIBRARY = "libc++";
				CLANG_ENABLE_MODULES = YES;
				CLANG_ENABLE_OBJC_ARC = YES;
				CLANG_ENABLE_OBJC_WEAK = YES;
				CLANG_WARN_BLOCK_CAPTURE_AUTORELEASING = YES;
				CLANG_WARN_BOOL_CONVERSION = YES;
				CLANG_WARN_COMMA = YES;
				CLANG_WARN_CONSTANT_CONVERSION = YES;
				CLANG_WARN_DEPRECATED_OBJC_IMPLEMENTATIONS = YES;
				CLANG_WARN_DIRECT_OBJC_ISA_USAGE = YES_ERROR;
				CLANG_WARN_DOCUMENTATION_COMMENTS = YES;
				CLANG_WARN_EMPTY_BODY = YES;
				CLANG_WARN_ENUM_CONVERSION = YES;
				CLANG_WARN_INFINITE_RECURSION = YES;
				CLANG_WARN_INT_CONVERSION = YES;
				CLANG_WARN_NON_LITERAL_NULL_CONVERSION = YES;
				CLANG_WARN_OBJC_IMPLICIT_RETAIN_SELF = YES;
				CLANG_WARN_OBJC_LITERAL_CONVERSION = YES;
				CLANG_WARN_OBJC_ROOT_CLASS = YES_ERROR;
				CLANG_WARN_QUOTED_INCLUDE_IN_FRAMEWORK_HEADER = YES;
				CLANG_WARN_RANGE_LOOP_ANALYSIS = YES;
				CLANG_WARN_STRICT_PROTOTYPES = YES;
				CLANG_WARN_SUSPICIOUS_MOVE = YES;
				CLANG_WARN_UNGUARDED_AVAILABILITY = YES_AGGRESSIVE;
				CLANG_WARN_UNREACHABLE_CODE = YES;
				CLANG_WARN__DUPLICATE_METHOD_MATCH = YES;
				COPY_PHASE_STRIP = NO;
				DEBUG_INFORMATION_FORMAT = "dwarf-with-dsym";
				ENABLE_NS_ASSERTIONS = NO;
				ENABLE_STRICT_OBJC_MSGSEND = YES;
				GCC_C_LANGUAGE_STANDARD = gnu11;
				GCC_NO_COMMON_BLOCKS = YES;
				GCC_WARN_64_TO_32_BIT_CONVERSION = YES;
				GCC_WARN_ABOUT_RETURN_TYPE = YES_ERROR;
				GCC_WARN_UNDECLARED_SELECTOR = YES;
				GCC_WARN_UNINITIALIZED_AUTOS = YES_AGGRESSIVE;
				GCC_WARN_UNUSED_FUNCTION = YES;
				GCC_WARN_UNUSED_VARIABLE = YES;
				IPHONEOS_DEPLOYMENT_TARGET = 14.5;
				MTL_ENABLE_DEBUG_INFO = NO;
				MTL_FAST_MATH = YES;
				SDKROOT = iphoneos;
				SWIFT_COMPILATION_MODE = wholemodule;
				SWIFT_OPTIMIZATION_LEVEL = "-O";
				VALIDATE_PRODUCT = YES;
			};
			name = Release;
		};
		6D888FCB26C9AC9B00FF982E /* Debug */ = {
			isa = XCBuildConfiguration;
			buildSettings = {
				ASSETCATALOG_COMPILER_APPICON_NAME = AppIcon;
				ASSETCATALOG_COMPILER_GLOBAL_ACCENT_COLOR_NAME = AccentColor;
				CODE_SIGN_STYLE = Automatic;
				DEVELOPMENT_TEAM = 86T4SG9LG4;
				INFOPLIST_FILE = FirebasePrototype/Info.plist;
				LD_RUNPATH_SEARCH_PATHS = (
					"$(inherited)",
					"@executable_path/Frameworks",
				);
				PRODUCT_BUNDLE_IDENTIFIER = za.co.reshalLuchman.FirebasePrototype;
				PRODUCT_NAME = "$(TARGET_NAME)";
				SWIFT_VERSION = 5.0;
				TARGETED_DEVICE_FAMILY = 1;
			};
			name = Debug;
		};
		6D888FCC26C9AC9B00FF982E /* Release */ = {
			isa = XCBuildConfiguration;
			buildSettings = {
				ASSETCATALOG_COMPILER_APPICON_NAME = AppIcon;
				ASSETCATALOG_COMPILER_GLOBAL_ACCENT_COLOR_NAME = AccentColor;
				CODE_SIGN_STYLE = Automatic;
				DEVELOPMENT_TEAM = 86T4SG9LG4;
				INFOPLIST_FILE = FirebasePrototype/Info.plist;
				LD_RUNPATH_SEARCH_PATHS = (
					"$(inherited)",
					"@executable_path/Frameworks",
				);
				PRODUCT_BUNDLE_IDENTIFIER = za.co.reshalLuchman.FirebasePrototype;
				PRODUCT_NAME = "$(TARGET_NAME)";
				SWIFT_VERSION = 5.0;
				TARGETED_DEVICE_FAMILY = 1;
			};
			name = Release;
		};
/* End XCBuildConfiguration section */

/* Begin XCConfigurationList section */
		6D888FB126C9AC9A00FF982E /* Build configuration list for PBXProject "FirebasePrototype" */ = {
			isa = XCConfigurationList;
			buildConfigurations = (
				6D888FC826C9AC9B00FF982E /* Debug */,
				6D888FC926C9AC9B00FF982E /* Release */,
			);
			defaultConfigurationIsVisible = 0;
			defaultConfigurationName = Release;
		};
		6D888FCA26C9AC9B00FF982E /* Build configuration list for PBXNativeTarget "FirebasePrototype" */ = {
			isa = XCConfigurationList;
			buildConfigurations = (
				6D888FCB26C9AC9B00FF982E /* Debug */,
				6D888FCC26C9AC9B00FF982E /* Release */,
			);
			defaultConfigurationIsVisible = 0;
			defaultConfigurationName = Release;
		};
/* End XCConfigurationList section */
	};
	rootObject = 6D888FAE26C9AC9A00FF982E /* Project object */;
}
